
Microsoft Visual Studio Solution File, Format Version 12.00
# Visual Studio Version 17
VisualStudioVersion = 17.3.32825.248
MinimumVisualStudioVersion = 10.0.40219.1
Project("{FAE04EC0-301F-11D3-BF4B-00C04F79EFBC}") = "MuTote.API", "MuTote.API\MuTote.API.csproj", "{14634D44-0982-4C88-9329-30AA9DC2F24F}"
EndProject
Project("{FAE04EC0-301F-11D3-BF4B-00C04F79EFBC}") = "MuTote.Data", "MuTote.Data\MuTote.Data.csproj", "{8D6E7BD4-96E1-43DD-9D71-7936EC8B10BB}"
EndProject
Project("{FAE04EC0-301F-11D3-BF4B-00C04F79EFBC}") = "MuTote.Service", "MuTote.Service\MuTote.Service.csproj", "{83052D28-0C2C-4ED8-8E3E-FD777D676D6C}"
EndProject
Global
	GlobalSection(SolutionConfigurationPlatforms) = preSolution
		Debug|Any CPU = Debug|Any CPU
		Release|Any CPU = Release|Any CPU
	EndGlobalSection
	GlobalSection(ProjectConfigurationPlatforms) = postSolution
		{14634D44-0982-4C88-9329-30AA9DC2F24F}.Debug|Any CPU.ActiveCfg = Debug|Any CPU
		{14634D44-0982-4C88-9329-30AA9DC2F24F}.Debug|Any CPU.Build.0 = Debug|Any CPU
		{14634D44-0982-4C88-9329-30AA9DC2F24F}.Release|Any CPU.ActiveCfg = Release|Any CPU
		{14634D44-0982-4C88-9329-30AA9DC2F24F}.Release|Any CPU.Build.0 = Release|Any CPU
		{8D6E7BD4-96E1-43DD-9D71-7936EC8B10BB}.Debug|Any CPU.ActiveCfg = Debug|Any CPU
		{8D6E7BD4-96E1-43DD-9D71-7936EC8B10BB}.Debug|Any CPU.Build.0 = Debug|Any CPU
		{8D6E7BD4-96E1-43DD-9D71-7936EC8B10BB}.Release|Any CPU.ActiveCfg = Release|Any CPU
		{8D6E7BD4-96E1-43DD-9D71-7936EC8B10BB}.Release|Any CPU.Build.0 = Release|Any CPU
		{83052D28-0C2C-4ED8-8E3E-FD777D676D6C}.Debug|Any CPU.ActiveCfg = Debug|Any CPU
		{83052D28-0C2C-4ED8-8E3E-FD777D676D6C}.Debug|Any CPU.Build.0 = Debug|Any CPU
		{83052D28-0C2C-4ED8-8E3E-FD777D676D6C}.Release|Any CPU.ActiveCfg = Release|Any CPU
		{83052D28-0C2C-4ED8-8E3E-FD777D676D6C}.Release|Any CPU.Build.0 = Release|Any CPU
	EndGlobalSection
	GlobalSection(SolutionProperties) = preSolution
		HideSolutionNode = FALSE
	EndGlobalSection
	GlobalSection(ExtensibilityGlobals) = postSolution
		SolutionGuid = {C7A73298-D251-416A-B49B-030319BC87FA}
	EndGlobalSection
EndGlobal
